
Microsoft Visual Studio Solution File, Format Version 12.00
# Visual Studio Version 16
VisualStudioVersion = 16.0.31321.278
MinimumVisualStudioVersion = 10.0.40219.1
Project("{9A19103F-16F7-4668-BE54-9A1E7A4F7556}") = "Logging.Common", "src\Logging.Common\Logging.Common.csproj", "{392C2FFA-621D-4C9A-85B0-0CBA9DBBD4DB}"
EndProject
Project("{9A19103F-16F7-4668-BE54-9A1E7A4F7556}") = "Logging.Infrastructure", "src\Logging.Infrastructure\Logging.Infrastructure.csproj", "{6EF5F69B-6311-40BE-9FB5-A05CCBB958E8}"
EndProject
Project("{FAE04EC0-301F-11D3-BF4B-00C04F79EFBC}") = "TestWithDotnetFramework", "TestWithDotnetFramework\TestWithDotnetFramework.csproj", "{BC840D05-D2FC-4399-B816-3F8563DA8D3C}"
EndProject
Project("{FAE04EC0-301F-11D3-BF4B-00C04F79EFBC}") = "Logging.Net45", "src\Logging.Net45\Logging.Net45.csproj", "{7D90F500-8F89-4962-8B4A-EAAC01F6A380}"
EndProject
Global
	GlobalSection(SolutionConfigurationPlatforms) = preSolution
		Debug|Any CPU = Debug|Any CPU
		Release|Any CPU = Release|Any CPU
	EndGlobalSection
	GlobalSection(ProjectConfigurationPlatforms) = postSolution
		{392C2FFA-621D-4C9A-85B0-0CBA9DBBD4DB}.Debug|Any CPU.ActiveCfg = Debug|Any CPU
		{392C2FFA-621D-4C9A-85B0-0CBA9DBBD4DB}.Debug|Any CPU.Build.0 = Debug|Any CPU
		{392C2FFA-621D-4C9A-85B0-0CBA9DBBD4DB}.Release|Any CPU.ActiveCfg = Release|Any CPU
		{392C2FFA-621D-4C9A-85B0-0CBA9DBBD4DB}.Release|Any CPU.Build.0 = Release|Any CPU
		{6EF5F69B-6311-40BE-9FB5-A05CCBB958E8}.Debug|Any CPU.ActiveCfg = Debug|Any CPU
		{6EF5F69B-6311-40BE-9FB5-A05CCBB958E8}.Debug|Any CPU.Build.0 = Debug|Any CPU
		{6EF5F69B-6311-40BE-9FB5-A05CCBB958E8}.Release|Any CPU.ActiveCfg = Release|Any CPU
		{6EF5F69B-6311-40BE-9FB5-A05CCBB958E8}.Release|Any CPU.Build.0 = Release|Any CPU
		{BC840D05-D2FC-4399-B816-3F8563DA8D3C}.Debug|Any CPU.ActiveCfg = Debug|Any CPU
		{BC840D05-D2FC-4399-B816-3F8563DA8D3C}.Debug|Any CPU.Build.0 = Debug|Any CPU
		{BC840D05-D2FC-4399-B816-3F8563DA8D3C}.Release|Any CPU.ActiveCfg = Release|Any CPU
		{BC840D05-D2FC-4399-B816-3F8563DA8D3C}.Release|Any CPU.Build.0 = Release|Any CPU
		{7D90F500-8F89-4962-8B4A-EAAC01F6A380}.Debug|Any CPU.ActiveCfg = Debug|Any CPU
		{7D90F500-8F89-4962-8B4A-EAAC01F6A380}.Debug|Any CPU.Build.0 = Debug|Any CPU
		{7D90F500-8F89-4962-8B4A-EAAC01F6A380}.Release|Any CPU.ActiveCfg = Release|Any CPU
		{7D90F500-8F89-4962-8B4A-EAAC01F6A380}.Release|Any CPU.Build.0 = Release|Any CPU
	EndGlobalSection
	GlobalSection(SolutionProperties) = preSolution
		HideSolutionNode = FALSE
	EndGlobalSection
	GlobalSection(ExtensibilityGlobals) = postSolution
		SolutionGuid = {573431AF-F83A-4540-92EB-4D9736D2C021}
	EndGlobalSection
EndGlobal
